
Microsoft Visual Studio Solution File, Format Version 12.00
# Visual Studio 15
VisualStudioVersion = 15.0.26206.0
MinimumVisualStudioVersion = 10.0.40219.1
Project("{FAE04EC0-301F-11D3-BF4B-00C04F79EFBC}") = "THATREALLYLONGPROJECT", "THATREALLYLONGPROJECT\THATREALLYLONGPROJECT.csproj", "{71BCD7C3-1375-408F-9D99-D7B4031B1190}"
EndProject
Global
	GlobalSection(SolutionConfigurationPlatforms) = preSolution
		Debug|Any CPU = Debug|Any CPU
		Release|Any CPU = Release|Any CPU
	EndGlobalSection
	GlobalSection(ProjectConfigurationPlatforms) = postSolution
		{71BCD7C3-1375-408F-9D99-D7B4031B1190}.Debug|Any CPU.ActiveCfg = Debug|Any CPU
		{71BCD7C3-1375-408F-9D99-D7B4031B1190}.Debug|Any CPU.Build.0 = Debug|Any CPU
		{71BCD7C3-1375-408F-9D99-D7B4031B1190}.Release|Any CPU.ActiveCfg = Release|Any CPU
		{71BCD7C3-1375-408F-9D99-D7B4031B1190}.Release|Any CPU.Build.0 = Release|Any CPU
	EndGlobalSection
	GlobalSection(SolutionProperties) = preSolution
		HideSolutionNode = FALSE
	EndGlobalSection
EndGlobal
